PODS:
  - FBSnapshotTestCase (2.1.4):
    - FBSnapshotTestCase/SwiftSupport (= 2.1.4)
  - FBSnapshotTestCase/Core (2.1.4)
  - FBSnapshotTestCase/SwiftSupport (2.1.4):
    - FBSnapshotTestCase/Core
  - SPlayer (0.1.4)

DEPENDENCIES:
  - FBSnapshotTestCase
  - SPlayer (from `../`)

SPEC REPOS:
  trunk:
    - FBSnapshotTestCase

EXTERNAL SOURCES:
  SPlayer:
    :path: "../"

SPEC CHECKSUMS:
  FBSnapshotTestCase: 094f9f314decbabe373b87cc339bea235a63e07a
  SPlayer: b54553acba5fd7a82f6c59551e651d1b711e2f66

PODFILE CHECKSUM: a3007989d388a30e6c607f126b16e21d6a0b6eab

COCOAPODS: 1.9.3
